// !$*UTF8*$!
{
	archiveVersion = 1;
	classes = {
	};
	objectVersion = 56;
	objects = {

/* Begin PBXBuildFile section */
		A5159E4F2A41F32E00700220 /* LogInViewController.swift in Sources */ = {isa = PBXBuildFile; fileRef = A5159E4E2A41F32E00700220 /* LogInViewController.swift */; };
		A53697E02A2E352F005ED519 /* AppDelegate.swift in Sources */ = {isa = PBXBuildFile; fileRef = A53697DF2A2E352F005ED519 /* AppDelegate.swift */; };
		A53697E22A2E352F005ED519 /* SceneDelegate.swift in Sources */ = {isa = PBXBuildFile; fileRef = A53697E12A2E352F005ED519 /* SceneDelegate.swift */; };
		A53697E42A2E352F005ED519 /* ViewController.swift in Sources */ = {isa = PBXBuildFile; fileRef = A53697E32A2E352F005ED519 /* ViewController.swift */; };
		A53697E92A2E3530005ED519 /* Assets.xcassets in Resources */ = {isa = PBXBuildFile; fileRef = A53697E82A2E3530005ED519 /* Assets.xcassets */; };
		A53697EC2A2E3530005ED519 /* LaunchScreen.storyboard in Resources */ = {isa = PBXBuildFile; fileRef = A53697EA2A2E3530005ED519 /* LaunchScreen.storyboard */; };
		A53697F42A2E4209005ED519 /* FeedViewController.swift in Sources */ = {isa = PBXBuildFile; fileRef = A53697F32A2E4209005ED519 /* FeedViewController.swift */; };
		A53697F82A2E4B8B005ED519 /* PostViewController.swift in Sources */ = {isa = PBXBuildFile; fileRef = A53697F72A2E4B8B005ED519 /* PostViewController.swift */; };
		A53697FA2A2E4BCB005ED519 /* InfoViewController.swift in Sources */ = {isa = PBXBuildFile; fileRef = A53697F92A2E4BCB005ED519 /* InfoViewController.swift */; };
		A53697FC2A2FA132005ED519 /* ProfileViewController.swift in Sources */ = {isa = PBXBuildFile; fileRef = A53697FB2A2FA132005ED519 /* ProfileViewController.swift */; };
		A54DD12F2A346B93009094C6 /* ProfileHeaderView.swift in Sources */ = {isa = PBXBuildFile; fileRef = A54DD12E2A346B93009094C6 /* ProfileHeaderView.swift */; };
		A55661E62A33766600326691 /* Post.swift in Sources */ = {isa = PBXBuildFile; fileRef = A55661E52A33766600326691 /* Post.swift */; };
		B814E9082A53205F0010F498 /* DetailPostVC.swift in Sources */ = {isa = PBXBuildFile; fileRef = B814E9072A53205F0010F498 /* DetailPostVC.swift */; };
		B88B9E582A4897C700DA2F44 /* PostTableViewCell.swift in Sources */ = {isa = PBXBuildFile; fileRef = B88B9E572A4897C700DA2F44 /* PostTableViewCell.swift */; };
		B8F2398E2A4BA38B0079493D /* PhotosTableViewCell.swift in Sources */ = {isa = PBXBuildFile; fileRef = B8F2398D2A4BA38B0079493D /* PhotosTableViewCell.swift */; };
		B8F239902A4BA3CF0079493D /* PhotosViewController.swift in Sources */ = {isa = PBXBuildFile; fileRef = B8F2398F2A4BA3CF0079493D /* PhotosViewController.swift */; };
		B8F239922A4BA3FA0079493D /* PhotosCollectionViewCell.swift in Sources */ = {isa = PBXBuildFile; fileRef = B8F239912A4BA3FA0079493D /* PhotosCollectionViewCell.swift */; };
		B8F239942A4BA4650079493D /* CollectionData.swift in Sources */ = {isa = PBXBuildFile; fileRef = B8F239932A4BA4650079493D /* CollectionData.swift */; };
		B8F239962A4BA6910079493D /* ExtensionUIView .swift in Sources */ = {isa = PBXBuildFile; fileRef = B8F239952A4BA6910079493D /* ExtensionUIView .swift */; };
/* End PBXBuildFile section */

/* Begin PBXFileReference section */
		A5159E4E2A41F32E00700220 /* LogInViewController.swift */ = {isa = PBXFileReference; lastKnownFileType = sourcecode.swift; path = LogInViewController.swift; sourceTree = "<group>"; };
		A53697DC2A2E352F005ED519 /* Navigation.app */ = {isa = PBXFileReference; explicitFileType = wrapper.application; includeInIndex = 0; path = Navigation.app; sourceTree = BUILT_PRODUCTS_DIR; };
		A53697DF2A2E352F005ED519 /* AppDelegate.swift */ = {isa = PBXFileReference; lastKnownFileType = sourcecode.swift; path = AppDelegate.swift; sourceTree = "<group>"; };
		A53697E12A2E352F005ED519 /* SceneDelegate.swift */ = {isa = PBXFileReference; lastKnownFileType = sourcecode.swift; path = SceneDelegate.swift; sourceTree = "<group>"; };
		A53697E32A2E352F005ED519 /* ViewController.swift */ = {isa = PBXFileReference; lastKnownFileType = sourcecode.swift; path = ViewController.swift; sourceTree = "<group>"; };
		A53697E82A2E3530005ED519 /* Assets.xcassets */ = {isa = PBXFileReference; lastKnownFileType = folder.assetcatalog; path = Assets.xcassets; sourceTree = "<group>"; };
		A53697EB2A2E3530005ED519 /* Base */ = {isa = PBXFileReference; lastKnownFileType = file.storyboard; name = Base; path = Base.lproj/LaunchScreen.storyboard; sourceTree = "<group>"; };
		A53697ED2A2E3530005ED519 /* Info.plist */ = {isa = PBXFileReference; lastKnownFileType = text.plist.xml; path = Info.plist; sourceTree = "<group>"; };
		A53697F32A2E4209005ED519 /* FeedViewController.swift */ = {isa = PBXFileReference; lastKnownFileType = sourcecode.swift; path = FeedViewController.swift; sourceTree = "<group>"; };
		A53697F72A2E4B8B005ED519 /* PostViewController.swift */ = {isa = PBXFileReference; lastKnownFileType = sourcecode.swift; path = PostViewController.swift; sourceTree = "<group>"; };
		A53697F92A2E4BCB005ED519 /* InfoViewController.swift */ = {isa = PBXFileReference; lastKnownFileType = sourcecode.swift; path = InfoViewController.swift; sourceTree = "<group>"; };
		A53697FB2A2FA132005ED519 /* ProfileViewController.swift */ = {isa = PBXFileReference; lastKnownFileType = sourcecode.swift; path = ProfileViewController.swift; sourceTree = "<group>"; };
		A54DD12E2A346B93009094C6 /* ProfileHeaderView.swift */ = {isa = PBXFileReference; lastKnownFileType = sourcecode.swift; path = ProfileHeaderView.swift; sourceTree = "<group>"; };
		A55661E52A33766600326691 /* Post.swift */ = {isa = PBXFileReference; lastKnownFileType = sourcecode.swift; path = Post.swift; sourceTree = "<group>"; };
		B814E9072A53205F0010F498 /* DetailPostVC.swift */ = {isa = PBXFileReference; lastKnownFileType = sourcecode.swift; path = DetailPostVC.swift; sourceTree = "<group>"; };
		B88B9E572A4897C700DA2F44 /* PostTableViewCell.swift */ = {isa = PBXFileReference; lastKnownFileType = sourcecode.swift; path = PostTableViewCell.swift; sourceTree = "<group>"; };
		B8F2398D2A4BA38B0079493D /* PhotosTableViewCell.swift */ = {isa = PBXFileReference; lastKnownFileType = sourcecode.swift; path = PhotosTableViewCell.swift; sourceTree = "<group>"; };
		B8F2398F2A4BA3CF0079493D /* PhotosViewController.swift */ = {isa = PBXFileReference; lastKnownFileType = sourcecode.swift; path = PhotosViewController.swift; sourceTree = "<group>"; };
		B8F239912A4BA3FA0079493D /* PhotosCollectionViewCell.swift */ = {isa = PBXFileReference; lastKnownFileType = sourcecode.swift; path = PhotosCollectionViewCell.swift; sourceTree = "<group>"; };
		B8F239932A4BA4650079493D /* CollectionData.swift */ = {isa = PBXFileReference; lastKnownFileType = sourcecode.swift; path = CollectionData.swift; sourceTree = "<group>"; };
		B8F239952A4BA6910079493D /* ExtensionUIView .swift */ = {isa = PBXFileReference; lastKnownFileType = sourcecode.swift; path = "ExtensionUIView .swift"; sourceTree = "<group>"; };
/* End PBXFileReference section */

/* Begin PBXFrameworksBuildPhase section */
		A53697D92A2E352F005ED519 /* Frameworks */ = {
			isa = PBXFrameworksBuildPhase;
			buildActionMask = 2147483647;
			files = (
			);
			runOnlyForDeploymentPostprocessing = 0;
		};
/* End PBXFrameworksBuildPhase section */

/* Begin PBXGroup section */
		A53697D32A2E352F005ED519 = {
			isa = PBXGroup;
			children = (
				A53697DE2A2E352F005ED519 /* Navigation */,
				A53697DD2A2E352F005ED519 /* Products */,
			);
			sourceTree = "<group>";
		};
		A53697DD2A2E352F005ED519 /* Products */ = {
			isa = PBXGroup;
			children = (
				A53697DC2A2E352F005ED519 /* Navigation.app */,
			);
			name = Products;
			sourceTree = "<group>";
		};
		A53697DE2A2E352F005ED519 /* Navigation */ = {
			isa = PBXGroup;
			children = (
				A54DD12D2A346B46009094C6 /* Profile */,
				A55661E72A3377F100326691 /* Data */,
				A53697DF2A2E352F005ED519 /* AppDelegate.swift */,
				A53697E12A2E352F005ED519 /* SceneDelegate.swift */,
				A53697E32A2E352F005ED519 /* ViewController.swift */,
				A53697E82A2E3530005ED519 /* Assets.xcassets */,
				A53697EA2A2E3530005ED519 /* LaunchScreen.storyboard */,
				A53697ED2A2E3530005ED519 /* Info.plist */,
				A53697F32A2E4209005ED519 /* FeedViewController.swift */,
				B88B9E572A4897C700DA2F44 /* PostTableViewCell.swift */,
				B8F2398D2A4BA38B0079493D /* PhotosTableViewCell.swift */,
				B8F2398F2A4BA3CF0079493D /* PhotosViewController.swift */,
				B8F239912A4BA3FA0079493D /* PhotosCollectionViewCell.swift */,
				A53697F72A2E4B8B005ED519 /* PostViewController.swift */,
				A53697F92A2E4BCB005ED519 /* InfoViewController.swift */,
			);
			path = Navigation;
			sourceTree = "<group>";
		};
		A54DD12D2A346B46009094C6 /* Profile */ = {
			isa = PBXGroup;
			children = (
				A54DD12E2A346B93009094C6 /* ProfileHeaderView.swift */,
				A53697FB2A2FA132005ED519 /* ProfileViewController.swift */,
				B814E9072A53205F0010F498 /* DetailPostVC.swift */,
				B8F239952A4BA6910079493D /* ExtensionUIView .swift */,
				A5159E4E2A41F32E00700220 /* LogInViewController.swift */,
			);
			path = Profile;
			sourceTree = "<group>";
		};
		A55661E72A3377F100326691 /* Data */ = {
			isa = PBXGroup;
			children = (
				A55661E52A33766600326691 /* Post.swift */,
				B8F239932A4BA4650079493D /* CollectionData.swift */,
			);
			path = Data;
			sourceTree = "<group>";
		};
/* End PBXGroup section */

/* Begin PBXNativeTarget section */
		A53697DB2A2E352F005ED519 /* Navigation */ = {
			isa = PBXNativeTarget;
			buildConfigurationList = A53697F02A2E3530005ED519 /* Build configuration list for PBXNativeTarget "Navigation" */;
			buildPhases = (
				A53697D82A2E352F005ED519 /* Sources */,
				A53697D92A2E352F005ED519 /* Frameworks */,
				A53697DA2A2E352F005ED519 /* Resources */,
			);
			buildRules = (
			);
			dependencies = (
			);
			name = Navigation;
			productName = Navigation;
			productReference = A53697DC2A2E352F005ED519 /* Navigation.app */;
			productType = "com.apple.product-type.application";
		};
/* End PBXNativeTarget section */

/* Begin PBXProject section */
		A53697D42A2E352F005ED519 /* Project object */ = {
			isa = PBXProject;
			attributes = {
				BuildIndependentTargetsInParallel = 1;
				LastSwiftUpdateCheck = 1420;
				LastUpgradeCheck = 1420;
				TargetAttributes = {
					A53697DB2A2E352F005ED519 = {
						CreatedOnToolsVersion = 14.2;
					};
				};
			};
			buildConfigurationList = A53697D72A2E352F005ED519 /* Build configuration list for PBXProject "Navigation" */;
			compatibilityVersion = "Xcode 14.0";
			developmentRegion = en;
			hasScannedForEncodings = 0;
			knownRegions = (
				en,
				Base,
			);
			mainGroup = A53697D32A2E352F005ED519;
			productRefGroup = A53697DD2A2E352F005ED519 /* Products */;
			projectDirPath = "";
			projectRoot = "";
			targets = (
				A53697DB2A2E352F005ED519 /* Navigation */,
			);
		};
/* End PBXProject section */

/* Begin PBXResourcesBuildPhase section */
		A53697DA2A2E352F005ED519 /* Resources */ = {
			isa = PBXResourcesBuildPhase;
			buildActionMask = 2147483647;
			files = (
				A53697EC2A2E3530005ED519 /* LaunchScreen.storyboard in Resources */,
				A53697E92A2E3530005ED519 /* Assets.xcassets in Resources */,
			);
			runOnlyForDeploymentPostprocessing = 0;
		};
/* End PBXResourcesBuildPhase section */

/* Begin PBXSourcesBuildPhase section */
		A53697D82A2E352F005ED519 /* Sources */ = {
			isa = PBXSourcesBuildPhase;
			buildActionMask = 2147483647;
			files = (
				B8F2398E2A4BA38B0079493D /* PhotosTableViewCell.swift in Sources */,
				B8F239922A4BA3FA0079493D /* PhotosCollectionViewCell.swift in Sources */,
				B8F239902A4BA3CF0079493D /* PhotosViewController.swift in Sources */,
				B88B9E582A4897C700DA2F44 /* PostTableViewCell.swift in Sources */,
				A53697F82A2E4B8B005ED519 /* PostViewController.swift in Sources */,
				A53697E42A2E352F005ED519 /* ViewController.swift in Sources */,
				A53697FA2A2E4BCB005ED519 /* InfoViewController.swift in Sources */,
				B8F239962A4BA6910079493D /* ExtensionUIView .swift in Sources */,
				A55661E62A33766600326691 /* Post.swift in Sources */,
				A54DD12F2A346B93009094C6 /* ProfileHeaderView.swift in Sources */,
				B8F239942A4BA4650079493D /* CollectionData.swift in Sources */,
				A53697E02A2E352F005ED519 /* AppDelegate.swift in Sources */,
				A53697FC2A2FA132005ED519 /* ProfileViewController.swift in Sources */,
				A53697F42A2E4209005ED519 /* FeedViewController.swift in Sources */,
				B814E9082A53205F0010F498 /* DetailPostVC.swift in Sources */,
				A5159E4F2A41F32E00700220 /* LogInViewController.swift in Sources */,
				A53697E22A2E352F005ED519 /* SceneDelegate.swift in Sources */,
			);
			runOnlyForDeploymentPostprocessing = 0;
		};
/* End PBXSourcesBuildPhase section */

/* Begin PBXVariantGroup section */
		A53697EA2A2E3530005ED519 /* LaunchScreen.storyboard */ = {
			isa = PBXVariantGroup;
			children = (
				A53697EB2A2E3530005ED519 /* Base */,
			);
			name = LaunchScreen.storyboard;
			sourceTree = "<group>";
		};
/* End PBXVariantGroup section */

/* Begin XCBuildConfiguration section */
		A53697EE2A2E3530005ED519 /* Debug */ = {
			isa = XCBuildConfiguration;
			buildSettings = {
				ALWAYS_SEARCH_USER_PATHS = NO;
				CLANG_ANALYZER_NONNULL = YES;
				CLANG_ANALYZER_NUMBER_OBJECT_CONVERSION = YES_AGGRESSIVE;
				CLANG_CXX_LANGUAGE_STANDARD = "gnu++20";
				CLANG_ENABLE_MODULES = YES;
				CLANG_ENABLE_OBJC_ARC = YES;
				CLANG_ENABLE_OBJC_WEAK = YES;
				CLANG_WARN_BLOCK_CAPTURE_AUTORELEASING = YES;
				CLANG_WARN_BOOL_CONVERSION = YES;
				CLANG_WARN_COMMA = YES;
				CLANG_WARN_CONSTANT_CONVERSION = YES;
				CLANG_WARN_DEPRECATED_OBJC_IMPLEMENTATIONS = YES;
				CLANG_WARN_DIRECT_OBJC_ISA_USAGE = YES_ERROR;
				CLANG_WARN_DOCUMENTATION_COMMENTS = YES;
				CLANG_WARN_EMPTY_BODY = YES;
				CLANG_WARN_ENUM_CONVERSION = YES;
				CLANG_WARN_INFINITE_RECURSION = YES;
				CLANG_WARN_INT_CONVERSION = YES;
				CLANG_WARN_NON_LITERAL_NULL_CONVERSION = YES;
				CLANG_WARN_OBJC_IMPLICIT_RETAIN_SELF = YES;
				CLANG_WARN_OBJC_LITERAL_CONVERSION = YES;
				CLANG_WARN_OBJC_ROOT_CLASS = YES_ERROR;
				CLANG_WARN_QUOTED_INCLUDE_IN_FRAMEWORK_HEADER = YES;
				CLANG_WARN_RANGE_LOOP_ANALYSIS = YES;
				CLANG_WARN_STRICT_PROTOTYPES = YES;
				CLANG_WARN_SUSPICIOUS_MOVE = YES;
				CLANG_WARN_UNGUARDED_AVAILABILITY = YES_AGGRESSIVE;
				CLANG_WARN_UNREACHABLE_CODE = YES;
				CLANG_WARN__DUPLICATE_METHOD_MATCH = YES;
				COPY_PHASE_STRIP = NO;
				DEBUG_INFORMATION_FORMAT = dwarf;
				ENABLE_STRICT_OBJC_MSGSEND = YES;
				ENABLE_TESTABILITY = YES;
				GCC_C_LANGUAGE_STANDARD = gnu11;
				GCC_DYNAMIC_NO_PIC = NO;
				GCC_NO_COMMON_BLOCKS = YES;
				GCC_OPTIMIZATION_LEVEL = 0;
				GCC_PREPROCESSOR_DEFINITIONS = (
					"DEBUG=1",
					"$(inherited)",
				);
				GCC_WARN_64_TO_32_BIT_CONVERSION = YES;
				GCC_WARN_ABOUT_RETURN_TYPE = YES_ERROR;
				GCC_WARN_UNDECLARED_SELECTOR = YES;
				GCC_WARN_UNINITIALIZED_AUTOS = YES_AGGRESSIVE;
				GCC_WARN_UNUSED_FUNCTION = YES;
				GCC_WARN_UNUSED_VARIABLE = YES;
				IPHONEOS_DEPLOYMENT_TARGET = 16.2;
				MTL_ENABLE_DEBUG_INFO = INCLUDE_SOURCE;
				MTL_FAST_MATH = YES;
				ONLY_ACTIVE_ARCH = YES;
				SDKROOT = iphoneos;
				SWIFT_ACTIVE_COMPILATION_CONDITIONS = DEBUG;
				SWIFT_OPTIMIZATION_LEVEL = "-Onone";
			};
			name = Debug;
		};
		A53697EF2A2E3530005ED519 /* Release */ = {
			isa = XCBuildConfiguration;
			buildSettings = {
				ALWAYS_SEARCH_USER_PATHS = NO;
				CLANG_ANALYZER_NONNULL = YES;
				CLANG_ANALYZER_NUMBER_OBJECT_CONVERSION = YES_AGGRESSIVE;
				CLANG_CXX_LANGUAGE_STANDARD = "gnu++20";
				CLANG_ENABLE_MODULES = YES;
				CLANG_ENABLE_OBJC_ARC = YES;
				CLANG_ENABLE_OBJC_WEAK = YES;
				CLANG_WARN_BLOCK_CAPTURE_AUTORELEASING = YES;
				CLANG_WARN_BOOL_CONVERSION = YES;
				CLANG_WARN_COMMA = YES;
				CLANG_WARN_CONSTANT_CONVERSION = YES;
				CLANG_WARN_DEPRECATED_OBJC_IMPLEMENTATIONS = YES;
				CLANG_WARN_DIRECT_OBJC_ISA_USAGE = YES_ERROR;
				CLANG_WARN_DOCUMENTATION_COMMENTS = YES;
				CLANG_WARN_EMPTY_BODY = YES;
				CLANG_WARN_ENUM_CONVERSION = YES;
				CLANG_WARN_INFINITE_RECURSION = YES;
				CLANG_WARN_INT_CONVERSION = YES;
				CLANG_WARN_NON_LITERAL_NULL_CONVERSION = YES;
				CLANG_WARN_OBJC_IMPLICIT_RETAIN_SELF = YES;
				CLANG_WARN_OBJC_LITERAL_CONVERSION = YES;
				CLANG_WARN_OBJC_ROOT_CLASS = YES_ERROR;
				CLANG_WARN_QUOTED_INCLUDE_IN_FRAMEWORK_HEADER = YES;
				CLANG_WARN_RANGE_LOOP_ANALYSIS = YES;
				CLANG_WARN_STRICT_PROTOTYPES = YES;
				CLANG_WARN_SUSPICIOUS_MOVE = YES;
				CLANG_WARN_UNGUARDED_AVAILABILITY = YES_AGGRESSIVE;
				CLANG_WARN_UNREACHABLE_CODE = YES;
				CLANG_WARN__DUPLICATE_METHOD_MATCH = YES;
				COPY_PHASE_STRIP = NO;
				DEBUG_INFORMATION_FORMAT = "dwarf-with-dsym";
				ENABLE_NS_ASSERTIONS = NO;
				ENABLE_STRICT_OBJC_MSGSEND = YES;
				GCC_C_LANGUAGE_STANDARD = gnu11;
				GCC_NO_COMMON_BLOCKS = YES;
				GCC_WARN_64_TO_32_BIT_CONVERSION = YES;
				GCC_WARN_ABOUT_RETURN_TYPE = YES_ERROR;
				GCC_WARN_UNDECLARED_SELECTOR = YES;
				GCC_WARN_UNINITIALIZED_AUTOS = YES_AGGRESSIVE;
				GCC_WARN_UNUSED_FUNCTION = YES;
				GCC_WARN_UNUSED_VARIABLE = YES;
				IPHONEOS_DEPLOYMENT_TARGET = 16.2;
				MTL_ENABLE_DEBUG_INFO = NO;
				MTL_FAST_MATH = YES;
				SDKROOT = iphoneos;
				SWIFT_COMPILATION_MODE = wholemodule;
				SWIFT_OPTIMIZATION_LEVEL = "-O";
				VALIDATE_PRODUCT = YES;
			};
			name = Release;
		};
		A53697F12A2E3530005ED519 /* Debug */ = {
			isa = XCBuildConfiguration;
			buildSettings = {
				ASSETCATALOG_COMPILER_APPICON_NAME = AppIcon;
				ASSETCATALOG_COMPILER_GLOBAL_ACCENT_COLOR_NAME = AccentColor;
				CODE_SIGN_STYLE = Automatic;
				CURRENT_PROJECT_VERSION = 1;
				GENERATE_INFOPLIST_FILE = YES;
				INFOPLIST_FILE = Navigation/Info.plist;
				INFOPLIST_KEY_UIApplicationSupportsIndirectInputEvents = YES;
				INFOPLIST_KEY_UILaunchStoryboardName = LaunchScreen;
				INFOPLIST_KEY_UISupportedInterfaceOrientations_iPad = "UIInterfaceOrientationPortrait UIInterfaceOrientationPortraitUpsideDown UIInterfaceOrientationLandscapeLeft UIInterfaceOrientationLandscapeRight";
				INFOPLIST_KEY_UISupportedInterfaceOrientations_iPhone = "UIInterfaceOrientationPortrait UIInterfaceOrientationLandscapeLeft UIInterfaceOrientationLandscapeRight";
				IPHONEOS_DEPLOYMENT_TARGET = 13.0;
				LD_RUNPATH_SEARCH_PATHS = (
					"$(inherited)",
					"@executable_path/Frameworks",
				);
				MARKETING_VERSION = 1.0;
				PRODUCT_BUNDLE_IDENTIFIER = SergeyB.Navigation;
				PRODUCT_NAME = "$(TARGET_NAME)";
				SWIFT_EMIT_LOC_STRINGS = YES;
				SWIFT_VERSION = 5.0;
				TARGETED_DEVICE_FAMILY = "1,2";
			};
			name = Debug;
		};
		A53697F22A2E3530005ED519 /* Release */ = {
			isa = XCBuildConfiguration;
			buildSettings = {
				ASSETCATALOG_COMPILER_APPICON_NAME = AppIcon;
				ASSETCATALOG_COMPILER_GLOBAL_ACCENT_COLOR_NAME = AccentColor;
				CODE_SIGN_STYLE = Automatic;
				CURRENT_PROJECT_VERSION = 1;
				GENERATE_INFOPLIST_FILE = YES;
				INFOPLIST_FILE = Navigation/Info.plist;
				INFOPLIST_KEY_UIApplicationSupportsIndirectInputEvents = YES;
				INFOPLIST_KEY_UILaunchStoryboardName = LaunchScreen;
				INFOPLIST_KEY_UISupportedInterfaceOrientations_iPad = "UIInterfaceOrientationPortrait UIInterfaceOrientationPortraitUpsideDown UIInterfaceOrientationLandscapeLeft UIInterfaceOrientationLandscapeRight";
				INFOPLIST_KEY_UISupportedInterfaceOrientations_iPhone = "UIInterfaceOrientationPortrait UIInterfaceOrientationLandscapeLeft UIInterfaceOrientationLandscapeRight";
				IPHONEOS_DEPLOYMENT_TARGET = 13.0;
				LD_RUNPATH_SEARCH_PATHS = (
					"$(inherited)",
					"@executable_path/Frameworks",
				);
				MARKETING_VERSION = 1.0;
				PRODUCT_BUNDLE_IDENTIFIER = SergeyB.Navigation;
				PRODUCT_NAME = "$(TARGET_NAME)";
				SWIFT_EMIT_LOC_STRINGS = YES;
				SWIFT_VERSION = 5.0;
				TARGETED_DEVICE_FAMILY = "1,2";
			};
			name = Release;
		};
/* End XCBuildConfiguration section */

/* Begin XCConfigurationList section */
		A53697D72A2E352F005ED519 /* Build configuration list for PBXProject "Navigation" */ = {
			isa = XCConfigurationList;
			buildConfigurations = (
				A53697EE2A2E3530005ED519 /* Debug */,
				A53697EF2A2E3530005ED519 /* Release */,
			);
			defaultConfigurationIsVisible = 0;
			defaultConfigurationName = Release;
		};
		A53697F02A2E3530005ED519 /* Build configuration list for PBXNativeTarget "Navigation" */ = {
			isa = XCConfigurationList;
			buildConfigurations = (
				A53697F12A2E3530005ED519 /* Debug */,
				A53697F22A2E3530005ED519 /* Release */,
			);
			defaultConfigurationIsVisible = 0;
			defaultConfigurationName = Release;
		};
/* End XCConfigurationList section */
	};
	rootObject = A53697D42A2E352F005ED519 /* Project object */;
}
